// !$*UTF8*$!
{
	archiveVersion = 1;
	classes = {
	};
	objectVersion = 50;
	objects = {

/* Begin PBXBuildFile section */
		0903C19E88C3B7C838FD0C24 /* Pods_SwiftDemo.framework in Frameworks */ = {isa = PBXBuildFile; fileRef = 2D7EF01CDFB0D7CC2A6B5FEC /* Pods_SwiftDemo.framework */; };
		19DFA8002596FFBF00C1C067 /* AppDelegate.swift in Sources */ = {isa = PBXBuildFile; fileRef = 19DFA7FF2596FFBF00C1C067 /* AppDelegate.swift */; };
		19DFA8042596FFBF00C1C067 /* ViewController.swift in Sources */ = {isa = PBXBuildFile; fileRef = 19DFA8032596FFBF00C1C067 /* ViewController.swift */; };
		19DFA8072596FFBF00C1C067 /* Main.storyboard in Resources */ = {isa = PBXBuildFile; fileRef = 19DFA8052596FFBF00C1C067 /* Main.storyboard */; };
		19DFA8092596FFC200C1C067 /* Assets.xcassets in Resources */ = {isa = PBXBuildFile; fileRef = 19DFA8082596FFC200C1C067 /* Assets.xcassets */; };
		19DFA80C2596FFC200C1C067 /* LaunchScreen.storyboard in Resources */ = {isa = PBXBuildFile; fileRef = 19DFA80A2596FFC200C1C067 /* LaunchScreen.storyboard */; };
		19DFA8172596FFC200C1C067 /* SwiftDemoTests.swift in Sources */ = {isa = PBXBuildFile; fileRef = 19DFA8162596FFC200C1C067 /* SwiftDemoTests.swift */; };
		19DFA8222596FFC200C1C067 /* SwiftDemoUITests.swift in Sources */ = {isa = PBXBuildFile; fileRef = 19DFA8212596FFC200C1C067 /* SwiftDemoUITests.swift */; };
		19E650412597621F0063A49E /* titleCell.swift in Sources */ = {isa = PBXBuildFile; fileRef = 19E650402597621F0063A49E /* titleCell.swift */; };
		2A2E47CAA513C6663F9AF30B /* Pods_SwiftDemoTests.framework in Frameworks */ = {isa = PBXBuildFile; fileRef = 0FB499C1E18C9A4B50E7E3DD /* Pods_SwiftDemoTests.framework */; };
		4EFD6BB82FF272B1FE1AF412 /* Pods_SwiftDemo_SwiftDemoUITests.framework in Frameworks */ = {isa = PBXBuildFile; fileRef = A0F9F513ACDFCBFCAA2E3849 /* Pods_SwiftDemo_SwiftDemoUITests.framework */; };
/* End PBXBuildFile section */

/* Begin PBXContainerItemProxy section */
		19DFA8132596FFC200C1C067 /* PBXContainerItemProxy */ = {
			isa = PBXContainerItemProxy;
			containerPortal = 19DFA7F42596FFBF00C1C067 /* Project object */;
			proxyType = 1;
			remoteGlobalIDString = 19DFA7FB2596FFBF00C1C067;
			remoteInfo = SwiftDemo;
		};
		19DFA81E2596FFC200C1C067 /* PBXContainerItemProxy */ = {
			isa = PBXContainerItemProxy;
			containerPortal = 19DFA7F42596FFBF00C1C067 /* Project object */;
			proxyType = 1;
			remoteGlobalIDString = 19DFA7FB2596FFBF00C1C067;
			remoteInfo = SwiftDemo;
		};
/* End PBXContainerItemProxy section */

/* Begin PBXFileReference section */
		0FB499C1E18C9A4B50E7E3DD /* Pods_SwiftDemoTests.framework */ = {isa = PBXFileReference; explicitFileType = wrapper.framework; includeInIndex = 0; path = Pods_SwiftDemoTests.framework; sourceTree = BUILT_PRODUCTS_DIR; };
		19DFA7FC2596FFBF00C1C067 /* SwiftDemo.app */ = {isa = PBXFileReference; explicitFileType = wrapper.application; includeInIndex = 0; path = SwiftDemo.app; sourceTree = BUILT_PRODUCTS_DIR; };
		19DFA7FF2596FFBF00C1C067 /* AppDelegate.swift */ = {isa = PBXFileReference; lastKnownFileType = sourcecode.swift; path = AppDelegate.swift; sourceTree = "<group>"; };
		19DFA8032596FFBF00C1C067 /* ViewController.swift */ = {isa = PBXFileReference; lastKnownFileType = sourcecode.swift; path = ViewController.swift; sourceTree = "<group>"; };
		19DFA8062596FFBF00C1C067 /* Base */ = {isa = PBXFileReference; lastKnownFileType = file.storyboard; name = Base; path = Base.lproj/Main.storyboard; sourceTree = "<group>"; };
		19DFA8082596FFC200C1C067 /* Assets.xcassets */ = {isa = PBXFileReference; lastKnownFileType = folder.assetcatalog; path = Assets.xcassets; sourceTree = "<group>"; };
		19DFA80B2596FFC200C1C067 /* Base */ = {isa = PBXFileReference; lastKnownFileType = file.storyboard; name = Base; path = Base.lproj/LaunchScreen.storyboard; sourceTree = "<group>"; };
		19DFA80D2596FFC200C1C067 /* Info.plist */ = {isa = PBXFileReference; lastKnownFileType = text.plist.xml; path = Info.plist; sourceTree = "<group>"; };
		19DFA8122596FFC200C1C067 /* SwiftDemoTests.xctest */ = {isa = PBXFileReference; explicitFileType = wrapper.cfbundle; includeInIndex = 0; path = SwiftDemoTests.xctest; sourceTree = BUILT_PRODUCTS_DIR; };
		19DFA8162596FFC200C1C067 /* SwiftDemoTests.swift */ = {isa = PBXFileReference; lastKnownFileType = sourcecode.swift; path = SwiftDemoTests.swift; sourceTree = "<group>"; };
		19DFA8182596FFC200C1C067 /* Info.plist */ = {isa = PBXFileReference; lastKnownFileType = text.plist.xml; path = Info.plist; sourceTree = "<group>"; };
		19DFA81D2596FFC200C1C067 /* SwiftDemoUITests.xctest */ = {isa = PBXFileReference; explicitFileType = wrapper.cfbundle; includeInIndex = 0; path = SwiftDemoUITests.xctest; sourceTree = BUILT_PRODUCTS_DIR; };
		19DFA8212596FFC200C1C067 /* SwiftDemoUITests.swift */ = {isa = PBXFileReference; lastKnownFileType = sourcecode.swift; path = SwiftDemoUITests.swift; sourceTree = "<group>"; };
		19DFA8232596FFC200C1C067 /* Info.plist */ = {isa = PBXFileReference; lastKnownFileType = text.plist.xml; path = Info.plist; sourceTree = "<group>"; };
		19E650402597621F0063A49E /* titleCell.swift */ = {isa = PBXFileReference; lastKnownFileType = sourcecode.swift; path = titleCell.swift; sourceTree = "<group>"; };
		1EA7D83B9DE4257C2522E97C /* Pods-SwiftDemo-SwiftDemoUITests.release.xcconfig */ = {isa = PBXFileReference; includeInIndex = 1; lastKnownFileType = text.xcconfig; name = "Pods-SwiftDemo-SwiftDemoUITests.release.xcconfig"; path = "Target Support Files/Pods-SwiftDemo-SwiftDemoUITests/Pods-SwiftDemo-SwiftDemoUITests.release.xcconfig"; sourceTree = "<group>"; };
		2D7EF01CDFB0D7CC2A6B5FEC /* Pods_SwiftDemo.framework */ = {isa = PBXFileReference; explicitFileType = wrapper.framework; includeInIndex = 0; path = Pods_SwiftDemo.framework; sourceTree = BUILT_PRODUCTS_DIR; };
		3DEE74DE067D82EE4A66EEDE /* Pods-SwiftDemoTests.debug.xcconfig */ = {isa = PBXFileReference; includeInIndex = 1; lastKnownFileType = text.xcconfig; name = "Pods-SwiftDemoTests.debug.xcconfig"; path = "Target Support Files/Pods-SwiftDemoTests/Pods-SwiftDemoTests.debug.xcconfig"; sourceTree = "<group>"; };
		9D46E841C387AC18FF24AB75 /* Pods-SwiftDemoTests.release.xcconfig */ = {isa = PBXFileReference; includeInIndex = 1; lastKnownFileType = text.xcconfig; name = "Pods-SwiftDemoTests.release.xcconfig"; path = "Target Support Files/Pods-SwiftDemoTests/Pods-SwiftDemoTests.release.xcconfig"; sourceTree = "<group>"; };
		A0F9F513ACDFCBFCAA2E3849 /* Pods_SwiftDemo_SwiftDemoUITests.framework */ = {isa = PBXFileReference; explicitFileType = wrapper.framework; includeInIndex = 0; path = Pods_SwiftDemo_SwiftDemoUITests.framework; sourceTree = BUILT_PRODUCTS_DIR; };
		A8537ACDBDE68EB156374D08 /* Pods-SwiftDemo-SwiftDemoUITests.debug.xcconfig */ = {isa = PBXFileReference; includeInIndex = 1; lastKnownFileType = text.xcconfig; name = "Pods-SwiftDemo-SwiftDemoUITests.debug.xcconfig"; path = "Target Support Files/Pods-SwiftDemo-SwiftDemoUITests/Pods-SwiftDemo-SwiftDemoUITests.debug.xcconfig"; sourceTree = "<group>"; };
		C960D09BD0CE7BE2ABA710C1 /* Pods-SwiftDemo.release.xcconfig */ = {isa = PBXFileReference; includeInIndex = 1; lastKnownFileType = text.xcconfig; name = "Pods-SwiftDemo.release.xcconfig"; path = "Target Support Files/Pods-SwiftDemo/Pods-SwiftDemo.release.xcconfig"; sourceTree = "<group>"; };
		E8072523CA16A912AF58A8C5 /* Pods-SwiftDemo.debug.xcconfig */ = {isa = PBXFileReference; includeInIndex = 1; lastKnownFileType = text.xcconfig; name = "Pods-SwiftDemo.debug.xcconfig"; path = "Target Support Files/Pods-SwiftDemo/Pods-SwiftDemo.debug.xcconfig"; sourceTree = "<group>"; };
/* End PBXFileReference section */

/* Begin PBXFrameworksBuildPhase section */
		19DFA7F92596FFBF00C1C067 /* Frameworks */ = {
			isa = PBXFrameworksBuildPhase;
			buildActionMask = 2147483647;
			files = (
				0903C19E88C3B7C838FD0C24 /* Pods_SwiftDemo.framework in Frameworks */,
			);
			runOnlyForDeploymentPostprocessing = 0;
		};
		19DFA80F2596FFC200C1C067 /* Frameworks */ = {
			isa = PBXFrameworksBuildPhase;
			buildActionMask = 2147483647;
			files = (
				2A2E47CAA513C6663F9AF30B /* Pods_SwiftDemoTests.framework in Frameworks */,
			);
			runOnlyForDeploymentPostprocessing = 0;
		};
		19DFA81A2596FFC200C1C067 /* Frameworks */ = {
			isa = PBXFrameworksBuildPhase;
			buildActionMask = 2147483647;
			files = (
				4EFD6BB82FF272B1FE1AF412 /* Pods_SwiftDemo_SwiftDemoUITests.framework in Frameworks */,
			);
			runOnlyForDeploymentPostprocessing = 0;
		};
/* End PBXFrameworksBuildPhase section */

/* Begin PBXGroup section */
		19DFA7F32596FFBF00C1C067 = {
			isa = PBXGroup;
			children = (
				19DFA7FE2596FFBF00C1C067 /* SwiftDemo */,
				19DFA8152596FFC200C1C067 /* SwiftDemoTests */,
				19DFA8202596FFC200C1C067 /* SwiftDemoUITests */,
				19DFA7FD2596FFBF00C1C067 /* Products */,
				3721501FB11644A45099FD3C /* Pods */,
				70B10FFEF84382372D386228 /* Frameworks */,
			);
			sourceTree = "<group>";
			tabWidth = 1;
		};
		19DFA7FD2596FFBF00C1C067 /* Products */ = {
			isa = PBXGroup;
			children = (
				19DFA7FC2596FFBF00C1C067 /* SwiftDemo.app */,
				19DFA8122596FFC200C1C067 /* SwiftDemoTests.xctest */,
				19DFA81D2596FFC200C1C067 /* SwiftDemoUITests.xctest */,
			);
			name = Products;
			sourceTree = "<group>";
		};
		19DFA7FE2596FFBF00C1C067 /* SwiftDemo */ = {
			isa = PBXGroup;
			children = (
				19E65032259760D70063A49E /* UI */,
				19DFA7FF2596FFBF00C1C067 /* AppDelegate.swift */,
				19DFA8032596FFBF00C1C067 /* ViewController.swift */,
				19DFA8052596FFBF00C1C067 /* Main.storyboard */,
				19DFA8082596FFC200C1C067 /* Assets.xcassets */,
				19DFA80A2596FFC200C1C067 /* LaunchScreen.storyboard */,
				19DFA80D2596FFC200C1C067 /* Info.plist */,
			);
			path = SwiftDemo;
			sourceTree = "<group>";
		};
		19DFA8152596FFC200C1C067 /* SwiftDemoTests */ = {
			isa = PBXGroup;
			children = (
				19DFA8162596FFC200C1C067 /* SwiftDemoTests.swift */,
				19DFA8182596FFC200C1C067 /* Info.plist */,
			);
			path = SwiftDemoTests;
			sourceTree = "<group>";
		};
		19DFA8202596FFC200C1C067 /* SwiftDemoUITests */ = {
			isa = PBXGroup;
			children = (
				19DFA8212596FFC200C1C067 /* SwiftDemoUITests.swift */,
				19DFA8232596FFC200C1C067 /* Info.plist */,
			);
			path = SwiftDemoUITests;
			sourceTree = "<group>";
		};
		19E65032259760D70063A49E /* UI */ = {
			isa = PBXGroup;
			children = (
				19E65033259760DE0063A49E /* TableView */,
			);
			path = UI;
			sourceTree = "<group>";
		};
		19E65033259760DE0063A49E /* TableView */ = {
			isa = PBXGroup;
			children = (
				19E65034259760EC0063A49E /* Cell */,
			);
			path = TableView;
			sourceTree = "<group>";
		};
		19E65034259760EC0063A49E /* Cell */ = {
			isa = PBXGroup;
			children = (
				19E650402597621F0063A49E /* titleCell.swift */,
			);
			path = Cell;
			sourceTree = "<group>";
		};
		3721501FB11644A45099FD3C /* Pods */ = {
			isa = PBXGroup;
			children = (
				E8072523CA16A912AF58A8C5 /* Pods-SwiftDemo.debug.xcconfig */,
				C960D09BD0CE7BE2ABA710C1 /* Pods-SwiftDemo.release.xcconfig */,
				A8537ACDBDE68EB156374D08 /* Pods-SwiftDemo-SwiftDemoUITests.debug.xcconfig */,
				1EA7D83B9DE4257C2522E97C /* Pods-SwiftDemo-SwiftDemoUITests.release.xcconfig */,
				3DEE74DE067D82EE4A66EEDE /* Pods-SwiftDemoTests.debug.xcconfig */,
				9D46E841C387AC18FF24AB75 /* Pods-SwiftDemoTests.release.xcconfig */,
			);
			name = Pods;
			path = Pods;
			sourceTree = "<group>";
		};
		70B10FFEF84382372D386228 /* Frameworks */ = {
			isa = PBXGroup;
			children = (
				2D7EF01CDFB0D7CC2A6B5FEC /* Pods_SwiftDemo.framework */,
				A0F9F513ACDFCBFCAA2E3849 /* Pods_SwiftDemo_SwiftDemoUITests.framework */,
				0FB499C1E18C9A4B50E7E3DD /* Pods_SwiftDemoTests.framework */,
			);
			name = Frameworks;
			sourceTree = "<group>";
		};
/* End PBXGroup section */

/* Begin PBXNativeTarget section */
		19DFA7FB2596FFBF00C1C067 /* SwiftDemo */ = {
			isa = PBXNativeTarget;
			buildConfigurationList = 19DFA8262596FFC200C1C067 /* Build configuration list for PBXNativeTarget "SwiftDemo" */;
			buildPhases = (
				0374E4080DB7741270CD2ABF /* [CP] Check Pods Manifest.lock */,
				19DFA7F82596FFBF00C1C067 /* Sources */,
				19DFA7F92596FFBF00C1C067 /* Frameworks */,
				19DFA7FA2596FFBF00C1C067 /* Resources */,
				134EA6B4CD3EBD90B6BB746D /* [CP] Embed Pods Frameworks */,
			);
			buildRules = (
			);
			dependencies = (
			);
			name = SwiftDemo;
			productName = SwiftDemo;
			productReference = 19DFA7FC2596FFBF00C1C067 /* SwiftDemo.app */;
			productType = "com.apple.product-type.application";
		};
		19DFA8112596FFC200C1C067 /* SwiftDemoTests */ = {
			isa = PBXNativeTarget;
			buildConfigurationList = 19DFA8292596FFC200C1C067 /* Build configuration list for PBXNativeTarget "SwiftDemoTests" */;
			buildPhases = (
				229A697EFB4EF4FC389061CA /* [CP] Check Pods Manifest.lock */,
				19DFA80E2596FFC200C1C067 /* Sources */,
				19DFA80F2596FFC200C1C067 /* Frameworks */,
				19DFA8102596FFC200C1C067 /* Resources */,
			);
			buildRules = (
			);
			dependencies = (
				19DFA8142596FFC200C1C067 /* PBXTargetDependency */,
			);
			name = SwiftDemoTests;
			productName = SwiftDemoTests;
			productReference = 19DFA8122596FFC200C1C067 /* SwiftDemoTests.xctest */;
			productType = "com.apple.product-type.bundle.unit-test";
		};
		19DFA81C2596FFC200C1C067 /* SwiftDemoUITests */ = {
			isa = PBXNativeTarget;
			buildConfigurationList = 19DFA82C2596FFC200C1C067 /* Build configuration list for PBXNativeTarget "SwiftDemoUITests" */;
			buildPhases = (
				6FE74F0C98922BC4371540E4 /* [CP] Check Pods Manifest.lock */,
				19DFA8192596FFC200C1C067 /* Sources */,
				19DFA81A2596FFC200C1C067 /* Frameworks */,
				19DFA81B2596FFC200C1C067 /* Resources */,
				C8022742AAD5C689664F3614 /* [CP] Embed Pods Frameworks */,
			);
			buildRules = (
			);
			dependencies = (
				19DFA81F2596FFC200C1C067 /* PBXTargetDependency */,
			);
			name = SwiftDemoUITests;
			productName = SwiftDemoUITests;
			productReference = 19DFA81D2596FFC200C1C067 /* SwiftDemoUITests.xctest */;
			productType = "com.apple.product-type.bundle.ui-testing";
		};
/* End PBXNativeTarget section */

/* Begin PBXProject section */
		19DFA7F42596FFBF00C1C067 /* Project object */ = {
			isa = PBXProject;
			attributes = {
				CLASSPREFIX = LXK;
				LastSwiftUpdateCheck = 1200;
				LastUpgradeCheck = 1200;
				TargetAttributes = {
					19DFA7FB2596FFBF00C1C067 = {
						CreatedOnToolsVersion = 12.0;
					};
					19DFA8112596FFC200C1C067 = {
						CreatedOnToolsVersion = 12.0;
						TestTargetID = 19DFA7FB2596FFBF00C1C067;
					};
					19DFA81C2596FFC200C1C067 = {
						CreatedOnToolsVersion = 12.0;
						TestTargetID = 19DFA7FB2596FFBF00C1C067;
					};
				};
			};
			buildConfigurationList = 19DFA7F72596FFBF00C1C067 /* Build configuration list for PBXProject "SwiftDemo" */;
			compatibilityVersion = "Xcode 9.3";
			developmentRegion = en;
			hasScannedForEncodings = 0;
			knownRegions = (
				en,
				Base,
			);
			mainGroup = 19DFA7F32596FFBF00C1C067;
			productRefGroup = 19DFA7FD2596FFBF00C1C067 /* Products */;
			projectDirPath = "";
			projectRoot = "";
			targets = (
				19DFA7FB2596FFBF00C1C067 /* SwiftDemo */,
				19DFA8112596FFC200C1C067 /* SwiftDemoTests */,
				19DFA81C2596FFC200C1C067 /* SwiftDemoUITests */,
			);
		};
/* End PBXProject section */

/* Begin PBXResourcesBuildPhase section */
		19DFA7FA2596FFBF00C1C067 /* Resources */ = {
			isa = PBXResourcesBuildPhase;
			buildActionMask = 2147483647;
			files = (
				19DFA80C2596FFC200C1C067 /* LaunchScreen.storyboard in Resources */,
				19DFA8092596FFC200C1C067 /* Assets.xcassets in Resources */,
				19DFA8072596FFBF00C1C067 /* Main.storyboard in Resources */,
			);
			runOnlyForDeploymentPostprocessing = 0;
		};
		19DFA8102596FFC200C1C067 /* Resources */ = {
			isa = PBXResourcesBuildPhase;
			buildActionMask = 2147483647;
			files = (
			);
			runOnlyForDeploymentPostprocessing = 0;
		};
		19DFA81B2596FFC200C1C067 /* Resources */ = {
			isa = PBXResourcesBuildPhase;
			buildActionMask = 2147483647;
			files = (
			);
			runOnlyForDeploymentPostprocessing = 0;
		};
/* End PBXResourcesBuildPhase section */

/* Begin PBXShellScriptBuildPhase section */
		0374E4080DB7741270CD2ABF /* [CP] Check Pods Manifest.lock */ = {
			isa = PBXShellScriptBuildPhase;
			buildActionMask = 2147483647;
			files = (
			);
			inputFileListPaths = (
			);
			inputPaths = (
				"${PODS_PODFILE_DIR_PATH}/Podfile.lock",
				"${PODS_ROOT}/Manifest.lock",
			);
			name = "[CP] Check Pods Manifest.lock";
			outputFileListPaths = (
			);
			outputPaths = (
				"$(DERIVED_FILE_DIR)/Pods-SwiftDemo-checkManifestLockResult.txt",
			);
			runOnlyForDeploymentPostprocessing = 0;
			shellPath = /bin/sh;
			shellScript = "diff \"${PODS_PODFILE_DIR_PATH}/Podfile.lock\" \"${PODS_ROOT}/Manifest.lock\" > /dev/null\nif [ $? != 0 ] ; then\n    # print error to STDERR\n    echo \"error: The sandbox is not in sync with the Podfile.lock. Run 'pod install' or update your CocoaPods installation.\" >&2\n    exit 1\nfi\n# This output is used by Xcode 'outputs' to avoid re-running this script phase.\necho \"SUCCESS\" > \"${SCRIPT_OUTPUT_FILE_0}\"\n";
			showEnvVarsInLog = 0;
		};
		134EA6B4CD3EBD90B6BB746D /* [CP] Embed Pods Frameworks */ = {
			isa = PBXShellScriptBuildPhase;
			buildActionMask = 2147483647;
			files = (
			);
			inputFileListPaths = (
				"${PODS_ROOT}/Target Support Files/Pods-SwiftDemo/Pods-SwiftDemo-frameworks-${CONFIGURATION}-input-files.xcfilelist",
			);
			name = "[CP] Embed Pods Frameworks";
			outputFileListPaths = (
				"${PODS_ROOT}/Target Support Files/Pods-SwiftDemo/Pods-SwiftDemo-frameworks-${CONFIGURATION}-output-files.xcfilelist",
			);
			runOnlyForDeploymentPostprocessing = 0;
			shellPath = /bin/sh;
			shellScript = "\"${PODS_ROOT}/Target Support Files/Pods-SwiftDemo/Pods-SwiftDemo-frameworks.sh\"\n";
			showEnvVarsInLog = 0;
		};
		229A697EFB4EF4FC389061CA /* [CP] Check Pods Manifest.lock */ = {
			isa = PBXShellScriptBuildPhase;
			buildActionMask = 2147483647;
			files = (
			);
			inputFileListPaths = (
			);
			inputPaths = (
				"${PODS_PODFILE_DIR_PATH}/Podfile.lock",
				"${PODS_ROOT}/Manifest.lock",
			);
			name = "[CP] Check Pods Manifest.lock";
			outputFileListPaths = (
			);
			outputPaths = (
				"$(DERIVED_FILE_DIR)/Pods-SwiftDemoTests-checkManifestLockResult.txt",
			);
			runOnlyForDeploymentPostprocessing = 0;
			shellPath = /bin/sh;
			shellScript = "diff \"${PODS_PODFILE_DIR_PATH}/Podfile.lock\" \"${PODS_ROOT}/Manifest.lock\" > /dev/null\nif [ $? != 0 ] ; then\n    # print error to STDERR\n    echo \"error: The sandbox is not in sync with the Podfile.lock. Run 'pod install' or update your CocoaPods installation.\" >&2\n    exit 1\nfi\n# This output is used by Xcode 'outputs' to avoid re-running this script phase.\necho \"SUCCESS\" > \"${SCRIPT_OUTPUT_FILE_0}\"\n";
			showEnvVarsInLog = 0;
		};
		6FE74F0C98922BC4371540E4 /* [CP] Check Pods Manifest.lock */ = {
			isa = PBXShellScriptBuildPhase;
			buildActionMask = 2147483647;
			files = (
			);
			inputFileListPaths = (
			);
			inputPaths = (
				"${PODS_PODFILE_DIR_PATH}/Podfile.lock",
				"${PODS_ROOT}/Manifest.lock",
			);
			name = "[CP] Check Pods Manifest.lock";
			outputFileListPaths = (
			);
			outputPaths = (
				"$(DERIVED_FILE_DIR)/Pods-SwiftDemo-SwiftDemoUITests-checkManifestLockResult.txt",
			);
			runOnlyForDeploymentPostprocessing = 0;
			shellPath = /bin/sh;
			shellScript = "diff \"${PODS_PODFILE_DIR_PATH}/Podfile.lock\" \"${PODS_ROOT}/Manifest.lock\" > /dev/null\nif [ $? != 0 ] ; then\n    # print error to STDERR\n    echo \"error: The sandbox is not in sync with the Podfile.lock. Run 'pod install' or update your CocoaPods installation.\" >&2\n    exit 1\nfi\n# This output is used by Xcode 'outputs' to avoid re-running this script phase.\necho \"SUCCESS\" > \"${SCRIPT_OUTPUT_FILE_0}\"\n";
			showEnvVarsInLog = 0;
		};
		C8022742AAD5C689664F3614 /* [CP] Embed Pods Frameworks */ = {
			isa = PBXShellScriptBuildPhase;
			buildActionMask = 2147483647;
			files = (
			);
			inputFileListPaths = (
				"${PODS_ROOT}/Target Support Files/Pods-SwiftDemo-SwiftDemoUITests/Pods-SwiftDemo-SwiftDemoUITests-frameworks-${CONFIGURATION}-input-files.xcfilelist",
			);
			name = "[CP] Embed Pods Frameworks";
			outputFileListPaths = (
				"${PODS_ROOT}/Target Support Files/Pods-SwiftDemo-SwiftDemoUITests/Pods-SwiftDemo-SwiftDemoUITests-frameworks-${CONFIGURATION}-output-files.xcfilelist",
			);
			runOnlyForDeploymentPostprocessing = 0;
			shellPath = /bin/sh;
			shellScript = "\"${PODS_ROOT}/Target Support Files/Pods-SwiftDemo-SwiftDemoUITests/Pods-SwiftDemo-SwiftDemoUITests-frameworks.sh\"\n";
			showEnvVarsInLog = 0;
		};
/* End PBXShellScriptBuildPhase section */

/* Begin PBXSourcesBuildPhase section */
		19DFA7F82596FFBF00C1C067 /* Sources */ = {
			isa = PBXSourcesBuildPhase;
			buildActionMask = 2147483647;
			files = (
				19E650412597621F0063A49E /* titleCell.swift in Sources */,
				19DFA8042596FFBF00C1C067 /* ViewController.swift in Sources */,
				19DFA8002596FFBF00C1C067 /* AppDelegate.swift in Sources */,
			);
			runOnlyForDeploymentPostprocessing = 0;
		};
		19DFA80E2596FFC200C1C067 /* Sources */ = {
			isa = PBXSourcesBuildPhase;
			buildActionMask = 2147483647;
			files = (
				19DFA8172596FFC200C1C067 /* SwiftDemoTests.swift in Sources */,
			);
			runOnlyForDeploymentPostprocessing = 0;
		};
		19DFA8192596FFC200C1C067 /* Sources */ = {
			isa = PBXSourcesBuildPhase;
			buildActionMask = 2147483647;
			files = (
				19DFA8222596FFC200C1C067 /* SwiftDemoUITests.swift in Sources */,
			);
			runOnlyForDeploymentPostprocessing = 0;
		};
/* End PBXSourcesBuildPhase section */

/* Begin PBXTargetDependency section */
		19DFA8142596FFC200C1C067 /* PBXTargetDependency */ = {
			isa = PBXTargetDependency;
			target = 19DFA7FB2596FFBF00C1C067 /* SwiftDemo */;
			targetProxy = 19DFA8132596FFC200C1C067 /* PBXContainerItemProxy */;
		};
		19DFA81F2596FFC200C1C067 /* PBXTargetDependency */ = {
			isa = PBXTargetDependency;
			target = 19DFA7FB2596FFBF00C1C067 /* SwiftDemo */;
			targetProxy = 19DFA81E2596FFC200C1C067 /* PBXContainerItemProxy */;
		};
/* End PBXTargetDependency section */

/* Begin PBXVariantGroup section */
		19DFA8052596FFBF00C1C067 /* Main.storyboard */ = {
			isa = PBXVariantGroup;
			children = (
				19DFA8062596FFBF00C1C067 /* Base */,
			);
			name = Main.storyboard;
			sourceTree = "<group>";
		};
		19DFA80A2596FFC200C1C067 /* LaunchScreen.storyboard */ = {
			isa = PBXVariantGroup;
			children = (
				19DFA80B2596FFC200C1C067 /* Base */,
			);
			name = LaunchScreen.storyboard;
			sourceTree = "<group>";
		};
/* End PBXVariantGroup section */

/* Begin XCBuildConfiguration section */
		19DFA8242596FFC200C1C067 /* Debug */ = {
			isa = XCBuildConfiguration;
			buildSettings = {
				ALWAYS_SEARCH_USER_PATHS = NO;
				CLANG_ANALYZER_NONNULL = YES;
				CLANG_ANALYZER_NUMBER_OBJECT_CONVERSION = YES_AGGRESSIVE;
				CLANG_CXX_LANGUAGE_STANDARD = "gnu++14";
				CLANG_CXX_LIBRARY = "libc++";
				CLANG_ENABLE_MODULES = YES;
				CLANG_ENABLE_OBJC_ARC = YES;
				CLANG_ENABLE_OBJC_WEAK = YES;
				CLANG_WARN_BLOCK_CAPTURE_AUTORELEASING = YES;
				CLANG_WARN_BOOL_CONVERSION = YES;
				CLANG_WARN_COMMA = YES;
				CLANG_WARN_CONSTANT_CONVERSION = YES;
				CLANG_WARN_DEPRECATED_OBJC_IMPLEMENTATIONS = YES;
				CLANG_WARN_DIRECT_OBJC_ISA_USAGE = YES_ERROR;
				CLANG_WARN_DOCUMENTATION_COMMENTS = YES;
				CLANG_WARN_EMPTY_BODY = YES;
				CLANG_WARN_ENUM_CONVERSION = YES;
				CLANG_WARN_INFINITE_RECURSION = YES;
				CLANG_WARN_INT_CONVERSION = YES;
				CLANG_WARN_NON_LITERAL_NULL_CONVERSION = YES;
				CLANG_WARN_OBJC_IMPLICIT_RETAIN_SELF = YES;
				CLANG_WARN_OBJC_LITERAL_CONVERSION = YES;
				CLANG_WARN_OBJC_ROOT_CLASS = YES_ERROR;
				CLANG_WARN_QUOTED_INCLUDE_IN_FRAMEWORK_HEADER = YES;
				CLANG_WARN_RANGE_LOOP_ANALYSIS = YES;
				CLANG_WARN_STRICT_PROTOTYPES = YES;
				CLANG_WARN_SUSPICIOUS_MOVE = YES;
				CLANG_WARN_UNGUARDED_AVAILABILITY = YES_AGGRESSIVE;
				CLANG_WARN_UNREACHABLE_CODE = YES;
				CLANG_WARN__DUPLICATE_METHOD_MATCH = YES;
				COPY_PHASE_STRIP = NO;
				DEBUG_INFORMATION_FORMAT = dwarf;
				ENABLE_STRICT_OBJC_MSGSEND = YES;
				ENABLE_TESTABILITY = YES;
				GCC_C_LANGUAGE_STANDARD = gnu11;
				GCC_DYNAMIC_NO_PIC = NO;
				GCC_NO_COMMON_BLOCKS = YES;
				GCC_OPTIMIZATION_LEVEL = 0;
				GCC_PREPROCESSOR_DEFINITIONS = (
					"DEBUG=1",
					"$(inherited)",
				);
				GCC_WARN_64_TO_32_BIT_CONVERSION = YES;
				GCC_WARN_ABOUT_RETURN_TYPE = YES_ERROR;
				GCC_WARN_UNDECLARED_SELECTOR = YES;
				GCC_WARN_UNINITIALIZED_AUTOS = YES_AGGRESSIVE;
				GCC_WARN_UNUSED_FUNCTION = YES;
				GCC_WARN_UNUSED_VARIABLE = YES;
				IPHONEOS_DEPLOYMENT_TARGET = 14.0;
				MTL_ENABLE_DEBUG_INFO = INCLUDE_SOURCE;
				MTL_FAST_MATH = YES;
				ONLY_ACTIVE_ARCH = YES;
				SDKROOT = iphoneos;
				SWIFT_ACTIVE_COMPILATION_CONDITIONS = DEBUG;
				SWIFT_OPTIMIZATION_LEVEL = "-Onone";
			};
			name = Debug;
		};
		19DFA8252596FFC200C1C067 /* Release */ = {
			isa = XCBuildConfiguration;
			buildSettings = {
				ALWAYS_SEARCH_USER_PATHS = NO;
				CLANG_ANALYZER_NONNULL = YES;
				CLANG_ANALYZER_NUMBER_OBJECT_CONVERSION = YES_AGGRESSIVE;
				CLANG_CXX_LANGUAGE_STANDARD = "gnu++14";
				CLANG_CXX_LIBRARY = "libc++";
				CLANG_ENABLE_MODULES = YES;
				CLANG_ENABLE_OBJC_ARC = YES;
				CLANG_ENABLE_OBJC_WEAK = YES;
				CLANG_WARN_BLOCK_CAPTURE_AUTORELEASING = YES;
				CLANG_WARN_BOOL_CONVERSION = YES;
				CLANG_WARN_COMMA = YES;
				CLANG_WARN_CONSTANT_CONVERSION = YES;
				CLANG_WARN_DEPRECATED_OBJC_IMPLEMENTATIONS = YES;
				CLANG_WARN_DIRECT_OBJC_ISA_USAGE = YES_ERROR;
				CLANG_WARN_DOCUMENTATION_COMMENTS = YES;
				CLANG_WARN_EMPTY_BODY = YES;
				CLANG_WARN_ENUM_CONVERSION = YES;
				CLANG_WARN_INFINITE_RECURSION = YES;
				CLANG_WARN_INT_CONVERSION = YES;
				CLANG_WARN_NON_LITERAL_NULL_CONVERSION = YES;
				CLANG_WARN_OBJC_IMPLICIT_RETAIN_SELF = YES;
				CLANG_WARN_OBJC_LITERAL_CONVERSION = YES;
				CLANG_WARN_OBJC_ROOT_CLASS = YES_ERROR;
				CLANG_WARN_QUOTED_INCLUDE_IN_FRAMEWORK_HEADER = YES;
				CLANG_WARN_RANGE_LOOP_ANALYSIS = YES;
				CLANG_WARN_STRICT_PROTOTYPES = YES;
				CLANG_WARN_SUSPICIOUS_MOVE = YES;
				CLANG_WARN_UNGUARDED_AVAILABILITY = YES_AGGRESSIVE;
				CLANG_WARN_UNREACHABLE_CODE = YES;
				CLANG_WARN__DUPLICATE_METHOD_MATCH = YES;
				COPY_PHASE_STRIP = NO;
				DEBUG_INFORMATION_FORMAT = "dwarf-with-dsym";
				ENABLE_NS_ASSERTIONS = NO;
				ENABLE_STRICT_OBJC_MSGSEND = YES;
				GCC_C_LANGUAGE_STANDARD = gnu11;
				GCC_NO_COMMON_BLOCKS = YES;
				GCC_WARN_64_TO_32_BIT_CONVERSION = YES;
				GCC_WARN_ABOUT_RETURN_TYPE = YES_ERROR;
				GCC_WARN_UNDECLARED_SELECTOR = YES;
				GCC_WARN_UNINITIALIZED_AUTOS = YES_AGGRESSIVE;
				GCC_WARN_UNUSED_FUNCTION = YES;
				GCC_WARN_UNUSED_VARIABLE = YES;
				IPHONEOS_DEPLOYMENT_TARGET = 14.0;
				MTL_ENABLE_DEBUG_INFO = NO;
				MTL_FAST_MATH = YES;
				SDKROOT = iphoneos;
				SWIFT_COMPILATION_MODE = wholemodule;
				SWIFT_OPTIMIZATION_LEVEL = "-O";
				VALIDATE_PRODUCT = YES;
			};
			name = Release;
		};
		19DFA8272596FFC200C1C067 /* Debug */ = {
			isa = XCBuildConfiguration;
			baseConfigurationReference = E8072523CA16A912AF58A8C5 /* Pods-SwiftDemo.debug.xcconfig */;
			buildSettings = {
				ASSETCATALOG_COMPILER_APPICON_NAME = AppIcon;
				ASSETCATALOG_COMPILER_GLOBAL_ACCENT_COLOR_NAME = AccentColor;
				CODE_SIGN_STYLE = Automatic;
				DEVELOPMENT_TEAM = 83CVKS62Z8;
				INFOPLIST_FILE = SwiftDemo/Info.plist;
				LD_RUNPATH_SEARCH_PATHS = (
					"$(inherited)",
					"@executable_path/Frameworks",
				);
				PRODUCT_BUNDLE_IDENTIFIER = demo.SwiftDemo;
				PRODUCT_NAME = "$(TARGET_NAME)";
				SWIFT_VERSION = 5.0;
				TARGETED_DEVICE_FAMILY = "1,2";
			};
			name = Debug;
		};
		19DFA8282596FFC200C1C067 /* Release */ = {
			isa = XCBuildConfiguration;
			baseConfigurationReference = C960D09BD0CE7BE2ABA710C1 /* Pods-SwiftDemo.release.xcconfig */;
			buildSettings = {
				ASSETCATALOG_COMPILER_APPICON_NAME = AppIcon;
				ASSETCATALOG_COMPILER_GLOBAL_ACCENT_COLOR_NAME = AccentColor;
				CODE_SIGN_STYLE = Automatic;
				DEVELOPMENT_TEAM = 83CVKS62Z8;
				INFOPLIST_FILE = SwiftDemo/Info.plist;
				LD_RUNPATH_SEARCH_PATHS = (
					"$(inherited)",
					"@executable_path/Frameworks",
				);
				PRODUCT_BUNDLE_IDENTIFIER = demo.SwiftDemo;
				PRODUCT_NAME = "$(TARGET_NAME)";
				SWIFT_VERSION = 5.0;
				TARGETED_DEVICE_FAMILY = "1,2";
			};
			name = Release;
		};
		19DFA82A2596FFC200C1C067 /* Debug */ = {
			isa = XCBuildConfiguration;
			baseConfigurationReference = 3DEE74DE067D82EE4A66EEDE /* Pods-SwiftDemoTests.debug.xcconfig */;
			buildSettings = {
				ALWAYS_EMBED_SWIFT_STANDARD_LIBRARIES = YES;
				BUNDLE_LOADER = "$(TEST_HOST)";
				CODE_SIGN_STYLE = Automatic;
				DEVELOPMENT_TEAM = 83CVKS62Z8;
				INFOPLIST_FILE = SwiftDemoTests/Info.plist;
				IPHONEOS_DEPLOYMENT_TARGET = 14.0;
				LD_RUNPATH_SEARCH_PATHS = (
					"$(inherited)",
					"@executable_path/Frameworks",
					"@loader_path/Frameworks",
				);
				PRODUCT_BUNDLE_IDENTIFIER = demo.SwiftDemoTests;
				PRODUCT_NAME = "$(TARGET_NAME)";
				SWIFT_VERSION = 5.0;
				TARGETED_DEVICE_FAMILY = "1,2";
				TEST_HOST = "$(BUILT_PRODUCTS_DIR)/SwiftDemo.app/SwiftDemo";
			};
			name = Debug;
		};
		19DFA82B2596FFC200C1C067 /* Release */ = {
			isa = XCBuildConfiguration;
			baseConfigurationReference = 9D46E841C387AC18FF24AB75 /* Pods-SwiftDemoTests.release.xcconfig */;
			buildSettings = {
				ALWAYS_EMBED_SWIFT_STANDARD_LIBRARIES = YES;
				BUNDLE_LOADER = "$(TEST_HOST)";
				CODE_SIGN_STYLE = Automatic;
				DEVELOPMENT_TEAM = 83CVKS62Z8;
				INFOPLIST_FILE = SwiftDemoTests/Info.plist;
				IPHONEOS_DEPLOYMENT_TARGET = 14.0;
				LD_RUNPATH_SEARCH_PATHS = (
					"$(inherited)",
					"@executable_path/Frameworks",
					"@loader_path/Frameworks",
				);
				PRODUCT_BUNDLE_IDENTIFIER = demo.SwiftDemoTests;
				PRODUCT_NAME = "$(TARGET_NAME)";
				SWIFT_VERSION = 5.0;
				TARGETED_DEVICE_FAMILY = "1,2";
				TEST_HOST = "$(BUILT_PRODUCTS_DIR)/SwiftDemo.app/SwiftDemo";
			};
			name = Release;
		};
		19DFA82D2596FFC200C1C067 /* Debug */ = {
			isa = XCBuildConfiguration;
			baseConfigurationReference = A8537ACDBDE68EB156374D08 /* Pods-SwiftDemo-SwiftDemoUITests.debug.xcconfig */;
			buildSettings = {
				ALWAYS_EMBED_SWIFT_STANDARD_LIBRARIES = YES;
				CODE_SIGN_STYLE = Automatic;
				DEVELOPMENT_TEAM = 83CVKS62Z8;
				INFOPLIST_FILE = SwiftDemoUITests/Info.plist;
				LD_RUNPATH_SEARCH_PATHS = (
					"$(inherited)",
					"@executable_path/Frameworks",
					"@loader_path/Frameworks",
				);
				PRODUCT_BUNDLE_IDENTIFIER = demo.SwiftDemoUITests;
				PRODUCT_NAME = "$(TARGET_NAME)";
				SWIFT_VERSION = 5.0;
				TARGETED_DEVICE_FAMILY = "1,2";
				TEST_TARGET_NAME = SwiftDemo;
			};
			name = Debug;
		};
		19DFA82E2596FFC200C1C067 /* Release */ = {
			isa = XCBuildConfiguration;
			baseConfigurationReference = 1EA7D83B9DE4257C2522E97C /* Pods-SwiftDemo-SwiftDemoUITests.release.xcconfig */;
			buildSettings = {
				ALWAYS_EMBED_SWIFT_STANDARD_LIBRARIES = YES;
				CODE_SIGN_STYLE = Automatic;
				DEVELOPMENT_TEAM = 83CVKS62Z8;
				INFOPLIST_FILE = SwiftDemoUITests/Info.plist;
				LD_RUNPATH_SEARCH_PATHS = (
					"$(inherited)",
					"@executable_path/Frameworks",
					"@loader_path/Frameworks",
				);
				PRODUCT_BUNDLE_IDENTIFIER = demo.SwiftDemoUITests;
				PRODUCT_NAME = "$(TARGET_NAME)";
				SWIFT_VERSION = 5.0;
				TARGETED_DEVICE_FAMILY = "1,2";
				TEST_TARGET_NAME = SwiftDemo;
			};
			name = Release;
		};
/* End XCBuildConfiguration section */

/* Begin XCConfigurationList section */
		19DFA7F72596FFBF00C1C067 /* Build configuration list for PBXProject "SwiftDemo" */ = {
			isa = XCConfigurationList;
			buildConfigurations = (
				19DFA8242596FFC200C1C067 /* Debug */,
				19DFA8252596FFC200C1C067 /* Release */,
			);
			defaultConfigurationIsVisible = 0;
			defaultConfigurationName = Release;
		};
		19DFA8262596FFC200C1C067 /* Build configuration list for PBXNativeTarget "SwiftDemo" */ = {
			isa = XCConfigurationList;
			buildConfigurations = (
				19DFA8272596FFC200C1C067 /* Debug */,
				19DFA8282596FFC200C1C067 /* Release */,
			);
			defaultConfigurationIsVisible = 0;
			defaultConfigurationName = Release;
		};
		19DFA8292596FFC200C1C067 /* Build configuration list for PBXNativeTarget "SwiftDemoTests" */ = {
			isa = XCConfigurationList;
			buildConfigurations = (
				19DFA82A2596FFC200C1C067 /* Debug */,
				19DFA82B2596FFC200C1C067 /* Release */,
			);
			defaultConfigurationIsVisible = 0;
			defaultConfigurationName = Release;
		};
		19DFA82C2596FFC200C1C067 /* Build configuration list for PBXNativeTarget "SwiftDemoUITests" */ = {
			isa = XCConfigurationList;
			buildConfigurations = (
				19DFA82D2596FFC200C1C067 /* Debug */,
				19DFA82E2596FFC200C1C067 /* Release */,
			);
			defaultConfigurationIsVisible = 0;
			defaultConfigurationName = Release;
		};
/* End XCConfigurationList section */
	};
	rootObject = 19DFA7F42596FFBF00C1C067 /* Project object */;
}
